
Microsoft Visual Studio Solution File, Format Version 12.00
# Visual Studio Version 17
VisualStudioVersion = 17.4.33122.133
MinimumVisualStudioVersion = 10.0.40219.1
Project("{FAE04EC0-301F-11D3-BF4B-00C04F79EFBC}") = "JsonListDemo", "JsonListDemo\JsonListDemo.csproj", "{FC4EC0EE-CAA4-4533-AA64-F361B3787F83}"
EndProject
Project("{FAE04EC0-301F-11D3-BF4B-00C04F79EFBC}") = "CustomJsonList", "CustomJsonList\CustomJsonList.csproj", "{DF56F421-B409-4375-9EE7-9B360C715FCD}"
EndProject
Global
	GlobalSection(SolutionConfigurationPlatforms) = preSolution
		Debug|Any CPU = Debug|Any CPU
		Release|Any CPU = Release|Any CPU
	EndGlobalSection
	GlobalSection(ProjectConfigurationPlatforms) = postSolution
		{FC4EC0EE-CAA4-4533-AA64-F361B3787F83}.Debug|Any CPU.ActiveCfg = Debug|Any CPU
		{FC4EC0EE-CAA4-4533-AA64-F361B3787F83}.Debug|Any CPU.Build.0 = Debug|Any CPU
		{FC4EC0EE-CAA4-4533-AA64-F361B3787F83}.Release|Any CPU.ActiveCfg = Release|Any CPU
		{FC4EC0EE-CAA4-4533-AA64-F361B3787F83}.Release|Any CPU.Build.0 = Release|Any CPU
		{DF56F421-B409-4375-9EE7-9B360C715FCD}.Debug|Any CPU.ActiveCfg = Debug|Any CPU
		{DF56F421-B409-4375-9EE7-9B360C715FCD}.Debug|Any CPU.Build.0 = Debug|Any CPU
		{DF56F421-B409-4375-9EE7-9B360C715FCD}.Release|Any CPU.ActiveCfg = Release|Any CPU
		{DF56F421-B409-4375-9EE7-9B360C715FCD}.Release|Any CPU.Build.0 = Release|Any CPU
	EndGlobalSection
	GlobalSection(SolutionProperties) = preSolution
		HideSolutionNode = FALSE
	EndGlobalSection
	GlobalSection(ExtensibilityGlobals) = postSolution
		SolutionGuid = {8377375C-4CBA-45AC-8CE2-135F05E84F49}
	EndGlobalSection
EndGlobal
